{"1.2.0",
[{<<"ezlib">>,{pkg,<<"ezlib">>,<<"1.0.7">>},1},
 {<<"fast_tls">>,{pkg,<<"fast_tls">>,<<"1.1.6">>},1},
 {<<"fast_xml">>,{pkg,<<"fast_xml">>,<<"1.1.41">>},1},
 {<<"idna">>,{pkg,<<"idna">>,<<"6.0.0">>},1},
 {<<"p1_utils">>,{pkg,<<"p1_utils">>,<<"1.0.19">>},1},
 {<<"stringprep">>,{pkg,<<"stringprep">>,<<"1.0.20">>},1},
 {<<"unicode_util_compat">>,{pkg,<<"unicode_util_compat">>,<<"0.4.1">>},2},
 {<<"xmpp">>,{pkg,<<"xmpp">>,<<"1.4.7">>},0}]}.
[
{pkg_hash,[
 {<<"ezlib">>, <<"C8ADFFD32E66831DF77955D163D705CDCF0A3D66762E6F68F8123012E714BF05">>},
 {<<"fast_tls">>, <<"C66709013A99EF8151EB1B0F2CC606B6D01EF7BCF8D732E4CC7527A1562E04D7">>},
 {<<"fast_xml">>, <<"AA8863B33F69C91E3B333CD7E43EF9B30CE355D4B84A0E238B3219D74F71762F">>},
 {<<"idna">>, <<"689C46CBCDF3524C44D5F3DDE8001F364CD7608A99556D8FBD8239A5798D4C10">>},
 {<<"p1_utils">>, <<"68373D154CC199CDE33B2FD0B574E8FED0B805FF173EF0BB25792071CD3B7AB2">>},
 {<<"stringprep">>, <<"676FCC698561D692F134C826CD4F563226CC20490F9FCAF31E9D704E58823758">>},
 {<<"unicode_util_compat">>, <<"D869E4C68901DD9531385BB0C8C40444EBF624E60B6962D95952775CAC5E90CD">>},
 {<<"xmpp">>, <<"8915876C74114194BB1519264DB944392D8C868CD3EC522145B85E17F2DBFEFB">>}]},
{pkg_hash_ext,[
 {<<"ezlib">>, <<"5634B9F7112837F9338A61DA1993601F4AB81615DE84FF0BADDCDC5A3FE940DC">>},
 {<<"fast_tls">>, <<"4C16930CD5AF6B3456034730EDE111062DA33BB643CDB927AF415FEF6ECD4B92">>},
 {<<"fast_xml">>, <<"7C287341878FD6655FB09FF5DAC6514FB6C79D078A53D6BC62195634944FD99C">>},
 {<<"idna">>, <<"4BDD305EB64E18B0273864920695CB18D7A2021F31A11B9C5FBCD9A253F936E2">>},
 {<<"p1_utils">>, <<"461634CA3C47C3378EE949664C77123BCEDCE82DD62496514158815C9B8E1393">>},
 {<<"stringprep">>, <<"3A189CF4909DAB6FC36265889CB1427BD2D069A4D0083CE4EF9733A290BDCABA">>},
 {<<"unicode_util_compat">>, <<"1D1848C40487CDB0B30E8ED975E34E025860C02E419CB615D255849F3427439D">>},
 {<<"xmpp">>, <<"DA0713C81E274DA7CF88FA4532DCF774F3038825956BD2F67FD502FE364593AB">>}]}
].
